
Microsoft Visual Studio Solution File, Format Version 12.00
# Visual Studio Version 17
VisualStudioVersion = 17.3.32922.545
MinimumVisualStudioVersion = 10.0.40219.1
Project("{FAE04EC0-301F-11D3-BF4B-00C04F79EFBC}") = "Game1", "Game1\Game1.csproj", "{CF056E84-6465-4ED2-BB16-AA3D163EC953}"
EndProject
Project("{FAE04EC0-301F-11D3-BF4B-00C04F79EFBC}") = "PipelineExtension", "PipelineExtension\PipelineExtension.csproj", "{D433C213-72A1-452B-91B7-7C3C28650997}"
EndProject
Global
	GlobalSection(SolutionConfigurationPlatforms) = preSolution
		Debug|Any CPU = Debug|Any CPU
		Release|Any CPU = Release|Any CPU
	EndGlobalSection
	GlobalSection(ProjectConfigurationPlatforms) = postSolution
		{CF056E84-6465-4ED2-BB16-AA3D163EC953}.Debug|Any CPU.ActiveCfg = Debug|Any CPU
		{CF056E84-6465-4ED2-BB16-AA3D163EC953}.Debug|Any CPU.Build.0 = Debug|Any CPU
		{CF056E84-6465-4ED2-BB16-AA3D163EC953}.Release|Any CPU.ActiveCfg = Release|Any CPU
		{CF056E84-6465-4ED2-BB16-AA3D163EC953}.Release|Any CPU.Build.0 = Release|Any CPU
		{D433C213-72A1-452B-91B7-7C3C28650997}.Debug|Any CPU.ActiveCfg = Debug|Any CPU
		{D433C213-72A1-452B-91B7-7C3C28650997}.Debug|Any CPU.Build.0 = Debug|Any CPU
		{D433C213-72A1-452B-91B7-7C3C28650997}.Release|Any CPU.ActiveCfg = Release|Any CPU
		{D433C213-72A1-452B-91B7-7C3C28650997}.Release|Any CPU.Build.0 = Release|Any CPU
	EndGlobalSection
	GlobalSection(SolutionProperties) = preSolution
		HideSolutionNode = FALSE
	EndGlobalSection
	GlobalSection(ExtensibilityGlobals) = postSolution
		SolutionGuid = {24EBD88E-630B-4946-9839-F168BA8605FC}
	EndGlobalSection
EndGlobal
